{
  "name": "node-starter",
  "lockfileVersion": 2,
  "requires": true,
  "packages": {
    "": {
      "name": "node-starter",
      "dependencies": {
        "@robolex/sure": "^0.8.3"
      }
    },
    "node_modules/@robolex/sure": {
      "version": "0.8.3",
      "resolved": "https://registry.npmjs.org/@robolex/sure/-/sure-0.8.3.tgz",
      "integrity": "sha512-CdvVLFB5U3lbxdD8WTS+kHMht1dLkL40JfMJe263nrQFbBkGa/GS6RPbWj/6RhKhQhowK3a1nqJYywLVSVGyYw=="
    }
  },
  "dependencies": {
    "@robolex/sure": {
      "version": "0.8.3",
      "resolved": "https://registry.npmjs.org/@robolex/sure/-/sure-0.8.3.tgz",
      "integrity": "sha512-CdvVLFB5U3lbxdD8WTS+kHMht1dLkL40JfMJe263nrQFbBkGa/GS6RPbWj/6RhKhQhowK3a1nqJYywLVSVGyYw=="
    }
  }
}
